
Microsoft Visual Studio Solution File, Format Version 12.00
# Visual Studio Version 16
VisualStudioVersion = 16.0.29806.167
MinimumVisualStudioVersion = 10.0.40219.1
Project("{8BC9CEB8-8B4A-11D0-8D11-00A0C91BC942}") = "shootinggame", "shootinggame\shootinggame.vcxproj", "{705BC1A1-067E-4F52-8116-9EBF834FD33D}"
EndProject
Global
	GlobalSection(SolutionConfigurationPlatforms) = preSolution
		Debug|x64 = Debug|x64
		Debug|x86 = Debug|x86
		Release|x64 = Release|x64
		Release|x86 = Release|x86
	EndGlobalSection
	GlobalSection(ProjectConfigurationPlatforms) = postSolution
		{705BC1A1-067E-4F52-8116-9EBF834FD33D}.Debug|x64.ActiveCfg = Debug|x64
		{705BC1A1-067E-4F52-8116-9EBF834FD33D}.Debug|x64.Build.0 = Debug|x64
		{705BC1A1-067E-4F52-8116-9EBF834FD33D}.Debug|x86.ActiveCfg = Debug|Win32
		{705BC1A1-067E-4F52-8116-9EBF834FD33D}.Debug|x86.Build.0 = Debug|Win32
		{705BC1A1-067E-4F52-8116-9EBF834FD33D}.Release|x64.ActiveCfg = Release|x64
		{705BC1A1-067E-4F52-8116-9EBF834FD33D}.Release|x64.Build.0 = Release|x64
		{705BC1A1-067E-4F52-8116-9EBF834FD33D}.Release|x86.ActiveCfg = Release|Win32
		{705BC1A1-067E-4F52-8116-9EBF834FD33D}.Release|x86.Build.0 = Release|Win32
	EndGlobalSection
	GlobalSection(SolutionProperties) = preSolution
		HideSolutionNode = FALSE
	EndGlobalSection
	GlobalSection(ExtensibilityGlobals) = postSolution
		SolutionGuid = {C7676C78-A8F7-4B8A-B7F8-98C9260D02EC}
	EndGlobalSection
EndGlobal
